
Microsoft Visual Studio Solution File, Format Version 12.00
# Visual Studio Version 16
VisualStudioVersion = 16.0.29411.108
MinimumVisualStudioVersion = 10.0.40219.1
Project("{FAE04EC0-301F-11D3-BF4B-00C04F79EFBC}") = "App01_ConsultarCEP.Android", "App01_ConsultarCEP\App01_ConsultarCEP.Android\App01_ConsultarCEP.Android.csproj", "{44728788-CD6A-4CF1-82CC-3210E5FEFD44}"
EndProject
Project("{FAE04EC0-301F-11D3-BF4B-00C04F79EFBC}") = "App01_ConsultarCEP.iOS", "App01_ConsultarCEP\App01_ConsultarCEP.iOS\App01_ConsultarCEP.iOS.csproj", "{93914893-319C-4D5D-86CB-ACD11194FE34}"
EndProject
Project("{FAE04EC0-301F-11D3-BF4B-00C04F79EFBC}") = "App01_ConsultarCEP", "App01_ConsultarCEP\App01_ConsultarCEP\App01_ConsultarCEP.csproj", "{9F6A9C63-1D27-4363-8DBC-0B0DB5DB705B}"
EndProject
Global
	GlobalSection(SolutionConfigurationPlatforms) = preSolution
		Debug|Any CPU = Debug|Any CPU
		Debug|iPhone = Debug|iPhone
		Debug|iPhoneSimulator = Debug|iPhoneSimulator
		Release|Any CPU = Release|Any CPU
		Release|iPhone = Release|iPhone
		Release|iPhoneSimulator = Release|iPhoneSimulator
	EndGlobalSection
	GlobalSection(ProjectConfigurationPlatforms) = postSolution
		{44728788-CD6A-4CF1-82CC-3210E5FEFD44}.Debug|Any CPU.ActiveCfg = Debug|Any CPU
		{44728788-CD6A-4CF1-82CC-3210E5FEFD44}.Debug|Any CPU.Build.0 = Debug|Any CPU
		{44728788-CD6A-4CF1-82CC-3210E5FEFD44}.Debug|Any CPU.Deploy.0 = Debug|Any CPU
		{44728788-CD6A-4CF1-82CC-3210E5FEFD44}.Debug|iPhone.ActiveCfg = Debug|Any CPU
		{44728788-CD6A-4CF1-82CC-3210E5FEFD44}.Debug|iPhone.Build.0 = Debug|Any CPU
		{44728788-CD6A-4CF1-82CC-3210E5FEFD44}.Debug|iPhone.Deploy.0 = Debug|Any CPU
		{44728788-CD6A-4CF1-82CC-3210E5FEFD44}.Debug|iPhoneSimulator.ActiveCfg = Debug|Any CPU
		{44728788-CD6A-4CF1-82CC-3210E5FEFD44}.Debug|iPhoneSimulator.Build.0 = Debug|Any CPU
		{44728788-CD6A-4CF1-82CC-3210E5FEFD44}.Debug|iPhoneSimulator.Deploy.0 = Debug|Any CPU
		{44728788-CD6A-4CF1-82CC-3210E5FEFD44}.Release|Any CPU.ActiveCfg = Release|Any CPU
		{44728788-CD6A-4CF1-82CC-3210E5FEFD44}.Release|Any CPU.Build.0 = Release|Any CPU
		{44728788-CD6A-4CF1-82CC-3210E5FEFD44}.Release|Any CPU.Deploy.0 = Release|Any CPU
		{44728788-CD6A-4CF1-82CC-3210E5FEFD44}.Release|iPhone.ActiveCfg = Release|Any CPU
		{44728788-CD6A-4CF1-82CC-3210E5FEFD44}.Release|iPhone.Build.0 = Release|Any CPU
		{44728788-CD6A-4CF1-82CC-3210E5FEFD44}.Release|iPhone.Deploy.0 = Release|Any CPU
		{44728788-CD6A-4CF1-82CC-3210E5FEFD44}.Release|iPhoneSimulator.ActiveCfg = Release|Any CPU
		{44728788-CD6A-4CF1-82CC-3210E5FEFD44}.Release|iPhoneSimulator.Build.0 = Release|Any CPU
		{44728788-CD6A-4CF1-82CC-3210E5FEFD44}.Release|iPhoneSimulator.Deploy.0 = Release|Any CPU
		{93914893-319C-4D5D-86CB-ACD11194FE34}.Debug|Any CPU.ActiveCfg = Debug|iPhoneSimulator
		{93914893-319C-4D5D-86CB-ACD11194FE34}.Debug|Any CPU.Build.0 = Debug|iPhoneSimulator
		{93914893-319C-4D5D-86CB-ACD11194FE34}.Debug|Any CPU.Deploy.0 = Debug|iPhoneSimulator
		{93914893-319C-4D5D-86CB-ACD11194FE34}.Debug|iPhone.ActiveCfg = Debug|iPhone
		{93914893-319C-4D5D-86CB-ACD11194FE34}.Debug|iPhone.Build.0 = Debug|iPhone
		{93914893-319C-4D5D-86CB-ACD11194FE34}.Debug|iPhone.Deploy.0 = Debug|iPhone
		{93914893-319C-4D5D-86CB-ACD11194FE34}.Debug|iPhoneSimulator.ActiveCfg = Debug|iPhoneSimulator
		{93914893-319C-4D5D-86CB-ACD11194FE34}.Debug|iPhoneSimulator.Build.0 = Debug|iPhoneSimulator
		{93914893-319C-4D5D-86CB-ACD11194FE34}.Debug|iPhoneSimulator.Deploy.0 = Debug|iPhoneSimulator
		{93914893-319C-4D5D-86CB-ACD11194FE34}.Release|Any CPU.ActiveCfg = Release|iPhone
		{93914893-319C-4D5D-86CB-ACD11194FE34}.Release|Any CPU.Build.0 = Release|iPhone
		{93914893-319C-4D5D-86CB-ACD11194FE34}.Release|Any CPU.Deploy.0 = Release|iPhone
		{93914893-319C-4D5D-86CB-ACD11194FE34}.Release|iPhone.ActiveCfg = Release|iPhone
		{93914893-319C-4D5D-86CB-ACD11194FE34}.Release|iPhone.Build.0 = Release|iPhone
		{93914893-319C-4D5D-86CB-ACD11194FE34}.Release|iPhone.Deploy.0 = Release|iPhone
		{93914893-319C-4D5D-86CB-ACD11194FE34}.Release|iPhoneSimulator.ActiveCfg = Release|iPhoneSimulator
		{93914893-319C-4D5D-86CB-ACD11194FE34}.Release|iPhoneSimulator.Build.0 = Release|iPhoneSimulator
		{93914893-319C-4D5D-86CB-ACD11194FE34}.Release|iPhoneSimulator.Deploy.0 = Release|iPhoneSimulator
		{9F6A9C63-1D27-4363-8DBC-0B0DB5DB705B}.Debug|Any CPU.ActiveCfg = Debug|Any CPU
		{9F6A9C63-1D27-4363-8DBC-0B0DB5DB705B}.Debug|Any CPU.Build.0 = Debug|Any CPU
		{9F6A9C63-1D27-4363-8DBC-0B0DB5DB705B}.Debug|Any CPU.Deploy.0 = Debug|Any CPU
		{9F6A9C63-1D27-4363-8DBC-0B0DB5DB705B}.Debug|iPhone.ActiveCfg = Debug|Any CPU
		{9F6A9C63-1D27-4363-8DBC-0B0DB5DB705B}.Debug|iPhone.Build.0 = Debug|Any CPU
		{9F6A9C63-1D27-4363-8DBC-0B0DB5DB705B}.Debug|iPhone.Deploy.0 = Debug|Any CPU
		{9F6A9C63-1D27-4363-8DBC-0B0DB5DB705B}.Debug|iPhoneSimulator.ActiveCfg = Debug|Any CPU
		{9F6A9C63-1D27-4363-8DBC-0B0DB5DB705B}.Debug|iPhoneSimulator.Build.0 = Debug|Any CPU
		{9F6A9C63-1D27-4363-8DBC-0B0DB5DB705B}.Debug|iPhoneSimulator.Deploy.0 = Debug|Any CPU
		{9F6A9C63-1D27-4363-8DBC-0B0DB5DB705B}.Release|Any CPU.ActiveCfg = Release|Any CPU
		{9F6A9C63-1D27-4363-8DBC-0B0DB5DB705B}.Release|Any CPU.Build.0 = Release|Any CPU
		{9F6A9C63-1D27-4363-8DBC-0B0DB5DB705B}.Release|Any CPU.Deploy.0 = Release|Any CPU
		{9F6A9C63-1D27-4363-8DBC-0B0DB5DB705B}.Release|iPhone.ActiveCfg = Release|Any CPU
		{9F6A9C63-1D27-4363-8DBC-0B0DB5DB705B}.Release|iPhone.Build.0 = Release|Any CPU
		{9F6A9C63-1D27-4363-8DBC-0B0DB5DB705B}.Release|iPhone.Deploy.0 = Release|Any CPU
		{9F6A9C63-1D27-4363-8DBC-0B0DB5DB705B}.Release|iPhoneSimulator.ActiveCfg = Release|Any CPU
		{9F6A9C63-1D27-4363-8DBC-0B0DB5DB705B}.Release|iPhoneSimulator.Build.0 = Release|Any CPU
		{9F6A9C63-1D27-4363-8DBC-0B0DB5DB705B}.Release|iPhoneSimulator.Deploy.0 = Release|Any CPU
	EndGlobalSection
	GlobalSection(SolutionProperties) = preSolution
		HideSolutionNode = FALSE
	EndGlobalSection
	GlobalSection(ExtensibilityGlobals) = postSolution
		SolutionGuid = {4459451E-3710-417F-971D-4D4509539368}
	EndGlobalSection
EndGlobal
